uuid: 213da75a-6d65-4adc-baa6-be0eec7f8f69
langcode: nl
status: true
dependencies: {  }
_core:
  default_config_hash: iFMmv2owmekqaZDeNo77qRmI_7RyDxqj5w3dBmarxL0
id: d_p_single_text_block
label: 'Single block text'
icon_uuid: null
icon_default: null
description: 'A paragraph to use with "List of text blocks" and "Side by side".'
behavior_plugins: {  }
